
Microsoft Visual Studio Solution File, Format Version 12.00
# Visual Studio Version 17
VisualStudioVersion = 17.13.35818.85
MinimumVisualStudioVersion = 10.0.40219.1
Project("{FAE04EC0-301F-11D3-BF4B-00C04F79EFBC}") = "Universal.DearImGui.Hook", "Universal.Hexa.ImGui.Hook\Universal.DearImGui.Hook.csproj", "{D07060B8-E24E-4FAB-800B-03E197492109}"
EndProject
Global
	GlobalSection(SolutionConfigurationPlatforms) = preSolution
		Debug|Any CPU = Debug|Any CPU
		Release|Any CPU = Release|Any CPU
	EndGlobalSection
	GlobalSection(ProjectConfigurationPlatforms) = postSolution
		{D07060B8-E24E-4FAB-800B-03E197492109}.Debug|Any CPU.ActiveCfg = Debug|Any CPU
		{D07060B8-E24E-4FAB-800B-03E197492109}.Debug|Any CPU.Build.0 = Debug|Any CPU
		{D07060B8-E24E-4FAB-800B-03E197492109}.Release|Any CPU.ActiveCfg = Release|Any CPU
		{D07060B8-E24E-4FAB-800B-03E197492109}.Release|Any CPU.Build.0 = Release|Any CPU
	EndGlobalSection
	GlobalSection(SolutionProperties) = preSolution
		HideSolutionNode = FALSE
	EndGlobalSection
	GlobalSection(ExtensibilityGlobals) = postSolution
		SolutionGuid = {282596DB-ADB9-4B02-9FED-9165B00E1F63}
	EndGlobalSection
EndGlobal
